
Microsoft Visual Studio Solution File, Format Version 12.00
# Visual Studio Version 16
VisualStudioVersion = 16.0.29509.3
MinimumVisualStudioVersion = 10.0.40219.1
Project("{9A19103F-16F7-4668-BE54-9A1E7A4F7556}") = "modelBuilder", "modelBuilder\modelBuilder.csproj", "{09200374-C391-4713-A504-02A270284954}"
EndProject
Project("{9A19103F-16F7-4668-BE54-9A1E7A4F7556}") = "modelBuilderML.Model", "modelBuilderML.Model\modelBuilderML.Model.csproj", "{A5EE0D59-053A-4760-A607-F2C92969E646}"
EndProject
Project("{9A19103F-16F7-4668-BE54-9A1E7A4F7556}") = "modelBuilderML.ConsoleApp", "modelBuilderML.ConsoleApp\modelBuilderML.ConsoleApp.csproj", "{FFA88A7F-5E78-4ADB-A21E-6345CCC37FBD}"
EndProject
Global
	GlobalSection(SolutionConfigurationPlatforms) = preSolution
		Debug|Any CPU = Debug|Any CPU
		Release|Any CPU = Release|Any CPU
	EndGlobalSection
	GlobalSection(ProjectConfigurationPlatforms) = postSolution
		{09200374-C391-4713-A504-02A270284954}.Debug|Any CPU.ActiveCfg = Debug|Any CPU
		{09200374-C391-4713-A504-02A270284954}.Debug|Any CPU.Build.0 = Debug|Any CPU
		{09200374-C391-4713-A504-02A270284954}.Release|Any CPU.ActiveCfg = Release|Any CPU
		{09200374-C391-4713-A504-02A270284954}.Release|Any CPU.Build.0 = Release|Any CPU
		{A5EE0D59-053A-4760-A607-F2C92969E646}.Debug|Any CPU.ActiveCfg = Debug|Any CPU
		{A5EE0D59-053A-4760-A607-F2C92969E646}.Debug|Any CPU.Build.0 = Debug|Any CPU
		{A5EE0D59-053A-4760-A607-F2C92969E646}.Release|Any CPU.ActiveCfg = Release|Any CPU
		{A5EE0D59-053A-4760-A607-F2C92969E646}.Release|Any CPU.Build.0 = Release|Any CPU
		{FFA88A7F-5E78-4ADB-A21E-6345CCC37FBD}.Debug|Any CPU.ActiveCfg = Debug|Any CPU
		{FFA88A7F-5E78-4ADB-A21E-6345CCC37FBD}.Debug|Any CPU.Build.0 = Debug|Any CPU
		{FFA88A7F-5E78-4ADB-A21E-6345CCC37FBD}.Release|Any CPU.ActiveCfg = Release|Any CPU
		{FFA88A7F-5E78-4ADB-A21E-6345CCC37FBD}.Release|Any CPU.Build.0 = Release|Any CPU
	EndGlobalSection
	GlobalSection(SolutionProperties) = preSolution
		HideSolutionNode = FALSE
	EndGlobalSection
	GlobalSection(ExtensibilityGlobals) = postSolution
		SolutionGuid = {F00EBBF6-AEA2-41AB-8246-807D266D583E}
	EndGlobalSection
EndGlobal
